// !$*UTF8*$!
{
	archiveVersion = 1;
	classes = {
	};
	objectVersion = 51;
	objects = {

/* Begin PBXBuildFile section */
		780356112465706D001F9624 /* Localizable.strings in Resources */ = {isa = PBXBuildFile; fileRef = 780356132465706D001F9624 /* Localizable.strings */; };
		7803561D246588D9001F9624 /* CommonNavigation.m in Sources */ = {isa = PBXBuildFile; fileRef = 7803561C246588D9001F9624 /* CommonNavigation.m */; };
		7803561F246588E4001F9624 /* CommonNavigation.xib in Resources */ = {isa = PBXBuildFile; fileRef = 7803561E246588E4001F9624 /* CommonNavigation.xib */; };
		780356222465890B001F9624 /* MeetingNavigation.m in Sources */ = {isa = PBXBuildFile; fileRef = 780356212465890B001F9624 /* MeetingNavigation.m */; };
		7803562424658995001F9624 /* MeetingNavigation.xib in Resources */ = {isa = PBXBuildFile; fileRef = 7803562324658995001F9624 /* MeetingNavigation.xib */; };
		7808B2972468449700B320EB /* SetVC.xib in Resources */ = {isa = PBXBuildFile; fileRef = 7808B2842468449700B320EB /* SetVC.xib */; };
		7808B2982468449700B320EB /* SetTextFieldCell.m in Sources */ = {isa = PBXBuildFile; fileRef = 7808B2872468449700B320EB /* SetTextFieldCell.m */; };
		7808B2992468449700B320EB /* SetImageCell.m in Sources */ = {isa = PBXBuildFile; fileRef = 7808B2882468449700B320EB /* SetImageCell.m */; };
		7808B29A2468449700B320EB /* SetSwitchCell.xib in Resources */ = {isa = PBXBuildFile; fileRef = 7808B2892468449700B320EB /* SetSwitchCell.xib */; };
		7808B29B2468449700B320EB /* SetLabelCell.m in Sources */ = {isa = PBXBuildFile; fileRef = 7808B28A2468449700B320EB /* SetLabelCell.m */; };
		7808B29C2468449700B320EB /* SetLabelCell.xib in Resources */ = {isa = PBXBuildFile; fileRef = 7808B28C2468449700B320EB /* SetLabelCell.xib */; };
		7808B29D2468449700B320EB /* SetSwitchCell.m in Sources */ = {isa = PBXBuildFile; fileRef = 7808B28D2468449700B320EB /* SetSwitchCell.m */; };
		7808B29E2468449700B320EB /* SetCenterTextCell.xib in Resources */ = {isa = PBXBuildFile; fileRef = 7808B28F2468449700B320EB /* SetCenterTextCell.xib */; };
		7808B29F2468449700B320EB /* SetImageCell.xib in Resources */ = {isa = PBXBuildFile; fileRef = 7808B2912468449700B320EB /* SetImageCell.xib */; };
		7808B2A02468449700B320EB /* SetCenterTextCell.m in Sources */ = {isa = PBXBuildFile; fileRef = 7808B2922468449700B320EB /* SetCenterTextCell.m */; };
		7808B2A12468449700B320EB /* SetTextFieldCell.xib in Resources */ = {isa = PBXBuildFile; fileRef = 7808B2932468449700B320EB /* SetTextFieldCell.xib */; };
		7808B2A22468449700B320EB /* SetVC.m in Sources */ = {isa = PBXBuildFile; fileRef = 7808B2962468449700B320EB /* SetVC.m */; };
		784936E82469351600DE15AB /* SetArrowCell.m in Sources */ = {isa = PBXBuildFile; fileRef = 784936E62469351600DE15AB /* SetArrowCell.m */; };
		784936E92469351600DE15AB /* SetArrowCell.xib in Resources */ = {isa = PBXBuildFile; fileRef = 784936E72469351600DE15AB /* SetArrowCell.xib */; };
		784D20A72463EB810065985A /* Main.storyboard in Resources */ = {isa = PBXBuildFile; fileRef = 784D20A52463EB810065985A /* Main.storyboard */; };
		784D20A92463EB820065985A /* Assets.xcassets in Resources */ = {isa = PBXBuildFile; fileRef = 784D20A82463EB820065985A /* Assets.xcassets */; };
		784D20AC2463EB820065985A /* LaunchScreen.storyboard in Resources */ = {isa = PBXBuildFile; fileRef = 784D20AA2463EB820065985A /* LaunchScreen.storyboard */; };
		784D20AF2463EB820065985A /* main.m in Sources */ = {isa = PBXBuildFile; fileRef = 784D20AE2463EB820065985A /* main.m */; };
		784D20B72463EC090065985A /* BaseViewController.m in Sources */ = {isa = PBXBuildFile; fileRef = 784D20B62463EC090065985A /* BaseViewController.m */; };
		784D224B2464159D0065985A /* AppDelegate.m in Sources */ = {isa = PBXBuildFile; fileRef = 784D22482464159D0065985A /* AppDelegate.m */; };
		784D22722464187B0065985A /* UIColor+Addition.m in Sources */ = {isa = PBXBuildFile; fileRef = 784D22622464187B0065985A /* UIColor+Addition.m */; };
		784D22732464187B0065985A /* UIView+Toast.m in Sources */ = {isa = PBXBuildFile; fileRef = 784D22652464187B0065985A /* UIView+Toast.m */; };
		784D22742464187B0065985A /* NSArray+Copy.m in Sources */ = {isa = PBXBuildFile; fileRef = 784D22682464187B0065985A /* NSArray+Copy.m */; };
		784D22752464187B0065985A /* AlertViewUtil.m in Sources */ = {isa = PBXBuildFile; fileRef = 784D226B2464187B0065985A /* AlertViewUtil.m */; };
		784D22762464187B0065985A /* UIView+Constraint.m in Sources */ = {isa = PBXBuildFile; fileRef = 784D226D2464187B0065985A /* UIView+Constraint.m */; };
		784D22772464187B0065985A /* UIView+EEBadge.m in Sources */ = {isa = PBXBuildFile; fileRef = 784D22712464187B0065985A /* UIView+EEBadge.m */; };
		784D227C246419780065985A /* AgoraRoom.framework in Frameworks */ = {isa = PBXBuildFile; fileRef = 784D227B246419780065985A /* AgoraRoom.framework */; };
		784D227D246419780065985A /* AgoraRoom.framework in Embed Frameworks */ = {isa = PBXBuildFile; fileRef = 784D227B246419780065985A /* AgoraRoom.framework */; settings = {ATTRIBUTES = (CodeSignOnCopy, RemoveHeadersOnCopy, ); }; };
		784D2280246419890065985A /* WhiteModule.framework in Frameworks */ = {isa = PBXBuildFile; fileRef = 784D227F246419890065985A /* WhiteModule.framework */; };
		784D2281246419890065985A /* WhiteModule.framework in Embed Frameworks */ = {isa = PBXBuildFile; fileRef = 784D227F246419890065985A /* WhiteModule.framework */; settings = {ATTRIBUTES = (CodeSignOnCopy, RemoveHeadersOnCopy, ); }; };
		784D2292246424D20065985A /* EEPageControlView.xib in Resources */ = {isa = PBXBuildFile; fileRef = 784D2286246424D20065985A /* EEPageControlView.xib */; };
		784D2293246424D20065985A /* EEPageControlView.m in Sources */ = {isa = PBXBuildFile; fileRef = 784D2287246424D20065985A /* EEPageControlView.m */; };
		784D2294246424D20065985A /* EEColorShowView.xib in Resources */ = {isa = PBXBuildFile; fileRef = 784D228A246424D20065985A /* EEColorShowView.xib */; };
		784D2295246424D20065985A /* EEColorViewCell.m in Sources */ = {isa = PBXBuildFile; fileRef = 784D228B246424D20065985A /* EEColorViewCell.m */; };
		784D2296246424D20065985A /* EEColorShowView.m in Sources */ = {isa = PBXBuildFile; fileRef = 784D228D246424D20065985A /* EEColorShowView.m */; };
		784D2297246424D20065985A /* EEWhiteboardTool.m in Sources */ = {isa = PBXBuildFile; fileRef = 784D228F246424D20065985A /* EEWhiteboardTool.m */; };
		784D2298246424D20065985A /* EEWhiteboardTool.xib in Resources */ = {isa = PBXBuildFile; fileRef = 784D2291246424D20065985A /* EEWhiteboardTool.xib */; };
		784D229C2464262B0065985A /* BottomBar.m in Sources */ = {isa = PBXBuildFile; fileRef = 784D229B2464262B0065985A /* BottomBar.m */; };
		784D229E2464265A0065985A /* BottomBar.xib in Resources */ = {isa = PBXBuildFile; fileRef = 784D229D2464265A0065985A /* BottomBar.xib */; };
		784D22B724655BFA0065985A /* BottomItem.m in Sources */ = {isa = PBXBuildFile; fileRef = 784D22B624655BFA0065985A /* BottomItem.m */; };
		784D22B924655C040065985A /* BottomItem.xib in Resources */ = {isa = PBXBuildFile; fileRef = 784D22B824655C040065985A /* BottomItem.xib */; };
		7878490B246BA6CE00455FA2 /* MemberVC.m in Sources */ = {isa = PBXBuildFile; fileRef = 78784904246BA6CE00455FA2 /* MemberVC.m */; };
		7878490C246BA6CE00455FA2 /* MemberVC.xib in Resources */ = {isa = PBXBuildFile; fileRef = 78784905246BA6CE00455FA2 /* MemberVC.xib */; };
		7878490D246BA6CE00455FA2 /* MessageVC.xib in Resources */ = {isa = PBXBuildFile; fileRef = 78784909246BA6CE00455FA2 /* MessageVC.xib */; };
		7878490E246BA6CE00455FA2 /* MessageVC.m in Sources */ = {isa = PBXBuildFile; fileRef = 7878490A246BA6CE00455FA2 /* MessageVC.m */; };
		78784912246BBC3900455FA2 /* UserCell.m in Sources */ = {isa = PBXBuildFile; fileRef = 78784910246BBC3900455FA2 /* UserCell.m */; };
		78784913246BBC3900455FA2 /* UserCell.xib in Resources */ = {isa = PBXBuildFile; fileRef = 78784911246BBC3900455FA2 /* UserCell.xib */; };
		78784917246BD75200455FA2 /* MessageCell.m in Sources */ = {isa = PBXBuildFile; fileRef = 78784915246BD75100455FA2 /* MessageCell.m */; };
		78784918246BD75200455FA2 /* MessageCell.xib in Resources */ = {isa = PBXBuildFile; fileRef = 78784916246BD75100455FA2 /* MessageCell.xib */; };
		7878491C246BD86900455FA2 /* MessageSelfCell.m in Sources */ = {isa = PBXBuildFile; fileRef = 7878491A246BD86900455FA2 /* MessageSelfCell.m */; };
		7878491D246BD86900455FA2 /* MessageSelfCell.xib in Resources */ = {isa = PBXBuildFile; fileRef = 7878491B246BD86900455FA2 /* MessageSelfCell.xib */; };
		78784937246D321700455FA2 /* ShareLinkView.m in Sources */ = {isa = PBXBuildFile; fileRef = 78784936246D321700455FA2 /* ShareLinkView.m */; };
		78784939246D322200455FA2 /* ShareLinkView.xib in Resources */ = {isa = PBXBuildFile; fileRef = 78784938246D322200455FA2 /* ShareLinkView.xib */; };
		7878493D246D770100455FA2 /* UIImage+Circle.m in Sources */ = {isa = PBXBuildFile; fileRef = 7878493C246D770100455FA2 /* UIImage+Circle.m */; };
		78C08C9E2476AD2100728DCB /* AgoraFlowLayout.m in Sources */ = {isa = PBXBuildFile; fileRef = 78C08C9D2476AD2100728DCB /* AgoraFlowLayout.m */; };
		78C08D01247BEB3700728DCB /* ScaleView.m in Sources */ = {isa = PBXBuildFile; fileRef = 78C08D00247BEB3700728DCB /* ScaleView.m */; };
		78ED7E1B247BFC5600F93385 /* UIViewAdditions.m in Sources */ = {isa = PBXBuildFile; fileRef = 78ED7E1A247BFC5600F93385 /* UIViewAdditions.m */; };
		78F690FD246E71EA000A0E71 /* ScoreAlertVC.xib in Resources */ = {isa = PBXBuildFile; fileRef = 78F690F6246E71EA000A0E71 /* ScoreAlertVC.xib */; };
		78F690FE246E71EA000A0E71 /* ScoreAlertVC.m in Sources */ = {isa = PBXBuildFile; fileRef = 78F690F7246E71EA000A0E71 /* ScoreAlertVC.m */; };
		78F690FF246E71EA000A0E71 /* AllMuteAlertVC.xib in Resources */ = {isa = PBXBuildFile; fileRef = 78F690FA246E71EA000A0E71 /* AllMuteAlertVC.xib */; };
		78F69100246E71EA000A0E71 /* AllMuteAlertVC.m in Sources */ = {isa = PBXBuildFile; fileRef = 78F690FB246E71EA000A0E71 /* AllMuteAlertVC.m */; };
		78F69108246E71FC000A0E71 /* LoginVC.m in Sources */ = {isa = PBXBuildFile; fileRef = 78F69102246E71FC000A0E71 /* LoginVC.m */; };
		78F69109246E71FC000A0E71 /* MeetingVC.m in Sources */ = {isa = PBXBuildFile; fileRef = 78F69105246E71FC000A0E71 /* MeetingVC.m */; };
		78F6910A246E71FC000A0E71 /* MeetingVC.xib in Resources */ = {isa = PBXBuildFile; fileRef = 78F69107246E71FC000A0E71 /* MeetingVC.xib */; };
		78F69112246E7212000A0E71 /* UserDefaults.m in Sources */ = {isa = PBXBuildFile; fileRef = 78F6910D246E7212000A0E71 /* UserDefaults.m */; };
		78F69113246E7212000A0E71 /* AgoraRoomManager.m in Sources */ = {isa = PBXBuildFile; fileRef = 78F6910E246E7212000A0E71 /* AgoraRoomManager.m */; };
		78F69114246E7212000A0E71 /* VCManager.m in Sources */ = {isa = PBXBuildFile; fileRef = 78F69111246E7212000A0E71 /* VCManager.m */; };
		78F69123246E874F000A0E71 /* PIPVideoCell.m in Sources */ = {isa = PBXBuildFile; fileRef = 78F69121246E874F000A0E71 /* PIPVideoCell.m */; };
		78F69124246E874F000A0E71 /* PIPVideoCell.xib in Resources */ = {isa = PBXBuildFile; fileRef = 78F69122246E874F000A0E71 /* PIPVideoCell.xib */; };
		78F69128246E886F000A0E71 /* VideoCell.m in Sources */ = {isa = PBXBuildFile; fileRef = 78F69126246E886F000A0E71 /* VideoCell.m */; };
		78F69129246E886F000A0E71 /* VideoCell.xib in Resources */ = {isa = PBXBuildFile; fileRef = 78F69127246E886F000A0E71 /* VideoCell.xib */; };
		78F6912D246EC17E000A0E71 /* PaddingLabel.m in Sources */ = {isa = PBXBuildFile; fileRef = 78F6912C246EC17E000A0E71 /* PaddingLabel.m */; };
		78F69131247239F6000A0E71 /* WhiteVC.m in Sources */ = {isa = PBXBuildFile; fileRef = 78F6912F247239F6000A0E71 /* WhiteVC.m */; };
		78F69132247239F6000A0E71 /* WhiteVC.xib in Resources */ = {isa = PBXBuildFile; fileRef = 78F69130247239F6000A0E71 /* WhiteVC.xib */; };
		78F6916B24738072000A0E71 /* KeyCenter.m in Sources */ = {isa = PBXBuildFile; fileRef = 78F6916A24738072000A0E71 /* KeyCenter.m */; };
		8B98F1A923481A0A48DEA700 /* Pods_VideoConference.framework in Frameworks */ = {isa = PBXBuildFile; fileRef = 0BC5E4E14A0F3AD5CA151FEA /* Pods_VideoConference.framework */; };
/* End PBXBuildFile section */

/* Begin PBXCopyFilesBuildPhase section */
		784D227E246419780065985A /* Embed Frameworks */ = {
			isa = PBXCopyFilesBuildPhase;
			buildActionMask = 2147483647;
			dstPath = "";
			dstSubfolderSpec = 10;
			files = (
				784D2281246419890065985A /* WhiteModule.framework in Embed Frameworks */,
				784D227D246419780065985A /* AgoraRoom.framework in Embed Frameworks */,
			);
			name = "Embed Frameworks";
			runOnlyForDeploymentPostprocessing = 0;
		};
/* End PBXCopyFilesBuildPhase section */

/* Begin PBXFileReference section */
		0BC5E4E14A0F3AD5CA151FEA /* Pods_VideoConference.framework */ = {isa = PBXFileReference; explicitFileType = wrapper.framework; includeInIndex = 0; path = Pods_VideoConference.framework; sourceTree = BUILT_PRODUCTS_DIR; };
		7803560D2465700A001F9624 /* zh-Hans */ = {isa = PBXFileReference; lastKnownFileType = text.plist.strings; name = "zh-Hans"; path = "zh-Hans.lproj/Main.strings"; sourceTree = "<group>"; };
		7803560E2465700A001F9624 /* zh-Hans */ = {isa = PBXFileReference; lastKnownFileType = text.plist.strings; name = "zh-Hans"; path = "zh-Hans.lproj/LaunchScreen.strings"; sourceTree = "<group>"; };
		780356122465706D001F9624 /* en */ = {isa = PBXFileReference; lastKnownFileType = text.plist.strings; name = en; path = en.lproj/Localizable.strings; sourceTree = "<group>"; };
		7803561424657070001F9624 /* zh-Hans */ = {isa = PBXFileReference; lastKnownFileType = text.plist.strings; name = "zh-Hans"; path = "zh-Hans.lproj/Localizable.strings"; sourceTree = "<group>"; };
		7803561B246588D9001F9624 /* CommonNavigation.h */ = {isa = PBXFileReference; lastKnownFileType = sourcecode.c.h; path = CommonNavigation.h; sourceTree = "<group>"; };
		7803561C246588D9001F9624 /* CommonNavigation.m */ = {isa = PBXFileReference; lastKnownFileType = sourcecode.c.objc; path = CommonNavigation.m; sourceTree = "<group>"; };
		7803561E246588E4001F9624 /* CommonNavigation.xib */ = {isa = PBXFileReference; lastKnownFileType = file.xib; path = CommonNavigation.xib; sourceTree = "<group>"; };
		780356202465890B001F9624 /* MeetingNavigation.h */ = {isa = PBXFileReference; lastKnownFileType = sourcecode.c.h; path = MeetingNavigation.h; sourceTree = "<group>"; };
		780356212465890B001F9624 /* MeetingNavigation.m */ = {isa = PBXFileReference; lastKnownFileType = sourcecode.c.objc; path = MeetingNavigation.m; sourceTree = "<group>"; };
		7803562324658995001F9624 /* MeetingNavigation.xib */ = {isa = PBXFileReference; lastKnownFileType = file.xib; path = MeetingNavigation.xib; sourceTree = "<group>"; };
		7808B2842468449700B320EB /* SetVC.xib */ = {isa = PBXFileReference; fileEncoding = 4; lastKnownFileType = file.xib; path = SetVC.xib; sourceTree = "<group>"; };
		7808B2852468449700B320EB /* SetVC.h */ = {isa = PBXFileReference; fileEncoding = 4; lastKnownFileType = sourcecode.c.h; path = SetVC.h; sourceTree = "<group>"; };
		7808B2872468449700B320EB /* SetTextFieldCell.m */ = {isa = PBXFileReference; fileEncoding = 4; lastKnownFileType = sourcecode.c.objc; path = SetTextFieldCell.m; sourceTree = "<group>"; };
		7808B2882468449700B320EB /* SetImageCell.m */ = {isa = PBXFileReference; fileEncoding = 4; lastKnownFileType = sourcecode.c.objc; path = SetImageCell.m; sourceTree = "<group>"; };
		7808B2892468449700B320EB /* SetSwitchCell.xib */ = {isa = PBXFileReference; fileEncoding = 4; lastKnownFileType = file.xib; path = SetSwitchCell.xib; sourceTree = "<group>"; };
		7808B28A2468449700B320EB /* SetLabelCell.m */ = {isa = PBXFileReference; fileEncoding = 4; lastKnownFileType = sourcecode.c.objc; path = SetLabelCell.m; sourceTree = "<group>"; };
		7808B28B2468449700B320EB /* SetCenterTextCell.h */ = {isa = PBXFileReference; fileEncoding = 4; lastKnownFileType = sourcecode.c.h; path = SetCenterTextCell.h; sourceTree = "<group>"; };
		7808B28C2468449700B320EB /* SetLabelCell.xib */ = {isa = PBXFileReference; fileEncoding = 4; lastKnownFileType = file.xib; path = SetLabelCell.xib; sourceTree = "<group>"; };
		7808B28D2468449700B320EB /* SetSwitchCell.m */ = {isa = PBXFileReference; fileEncoding = 4; lastKnownFileType = sourcecode.c.objc; path = SetSwitchCell.m; sourceTree = "<group>"; };
		7808B28E2468449700B320EB /* SetTextFieldCell.h */ = {isa = PBXFileReference; fileEncoding = 4; lastKnownFileType = sourcecode.c.h; path = SetTextFieldCell.h; sourceTree = "<group>"; };
		7808B28F2468449700B320EB /* SetCenterTextCell.xib */ = {isa = PBXFileReference; fileEncoding = 4; lastKnownFileType = file.xib; path = SetCenterTextCell.xib; sourceTree = "<group>"; };
		7808B2902468449700B320EB /* SetImageCell.h */ = {isa = PBXFileReference; fileEncoding = 4; lastKnownFileType = sourcecode.c.h; path = SetImageCell.h; sourceTree = "<group>"; };
		7808B2912468449700B320EB /* SetImageCell.xib */ = {isa = PBXFileReference; fileEncoding = 4; lastKnownFileType = file.xib; path = SetImageCell.xib; sourceTree = "<group>"; };
		7808B2922468449700B320EB /* SetCenterTextCell.m */ = {isa = PBXFileReference; fileEncoding = 4; lastKnownFileType = sourcecode.c.objc; path = SetCenterTextCell.m; sourceTree = "<group>"; };
		7808B2932468449700B320EB /* SetTextFieldCell.xib */ = {isa = PBXFileReference; fileEncoding = 4; lastKnownFileType = file.xib; path = SetTextFieldCell.xib; sourceTree = "<group>"; };
		7808B2942468449700B320EB /* SetLabelCell.h */ = {isa = PBXFileReference; fileEncoding = 4; lastKnownFileType = sourcecode.c.h; path = SetLabelCell.h; sourceTree = "<group>"; };
		7808B2952468449700B320EB /* SetSwitchCell.h */ = {isa = PBXFileReference; fileEncoding = 4; lastKnownFileType = sourcecode.c.h; path = SetSwitchCell.h; sourceTree = "<group>"; };
		7808B2962468449700B320EB /* SetVC.m */ = {isa = PBXFileReference; fileEncoding = 4; lastKnownFileType = sourcecode.c.objc; path = SetVC.m; sourceTree = "<group>"; };
		784936E52469351600DE15AB /* SetArrowCell.h */ = {isa = PBXFileReference; lastKnownFileType = sourcecode.c.h; path = SetArrowCell.h; sourceTree = "<group>"; };
		784936E62469351600DE15AB /* SetArrowCell.m */ = {isa = PBXFileReference; lastKnownFileType = sourcecode.c.objc; path = SetArrowCell.m; sourceTree = "<group>"; };
		784936E72469351600DE15AB /* SetArrowCell.xib */ = {isa = PBXFileReference; lastKnownFileType = file.xib; path = SetArrowCell.xib; sourceTree = "<group>"; };
		784D20992463EB810065985A /* Agora Meeting.app */ = {isa = PBXFileReference; explicitFileType = wrapper.application; includeInIndex = 0; path = "Agora Meeting.app"; sourceTree = BUILT_PRODUCTS_DIR; };
		784D20A62463EB810065985A /* Base */ = {isa = PBXFileReference; lastKnownFileType = file.storyboard; name = Base; path = Base.lproj/Main.storyboard; sourceTree = "<group>"; };
		784D20A82463EB820065985A /* Assets.xcassets */ = {isa = PBXFileReference; lastKnownFileType = folder.assetcatalog; path = Assets.xcassets; sourceTree = "<group>"; };
		784D20AB2463EB820065985A /* Base */ = {isa = PBXFileReference; lastKnownFileType = file.storyboard; name = Base; path = Base.lproj/LaunchScreen.storyboard; sourceTree = "<group>"; };
		784D20AD2463EB820065985A /* Info.plist */ = {isa = PBXFileReference; lastKnownFileType = text.plist.xml; path = Info.plist; sourceTree = "<group>"; };
		784D20AE2463EB820065985A /* main.m */ = {isa = PBXFileReference; lastKnownFileType = sourcecode.c.objc; path = main.m; sourceTree = "<group>"; };
		784D20B52463EC090065985A /* BaseViewController.h */ = {isa = PBXFileReference; lastKnownFileType = sourcecode.c.h; path = BaseViewController.h; sourceTree = "<group>"; };
		784D20B62463EC090065985A /* BaseViewController.m */ = {isa = PBXFileReference; lastKnownFileType = sourcecode.c.objc; path = BaseViewController.m; sourceTree = "<group>"; };
		784D22462464159D0065985A /* AppDelegate.h */ = {isa = PBXFileReference; fileEncoding = 4; lastKnownFileType = sourcecode.c.h; path = AppDelegate.h; sourceTree = "<group>"; };
		784D22482464159D0065985A /* AppDelegate.m */ = {isa = PBXFileReference; fileEncoding = 4; lastKnownFileType = sourcecode.c.objc; path = AppDelegate.m; sourceTree = "<group>"; };
		784D22612464187B0065985A /* UIColor+Addition.h */ = {isa = PBXFileReference; fileEncoding = 4; lastKnownFileType = sourcecode.c.h; path = "UIColor+Addition.h"; sourceTree = "<group>"; };
		784D22622464187B0065985A /* UIColor+Addition.m */ = {isa = PBXFileReference; fileEncoding = 4; lastKnownFileType = sourcecode.c.objc; path = "UIColor+Addition.m"; sourceTree = "<group>"; };
		784D22642464187B0065985A /* UIView+Toast.h */ = {isa = PBXFileReference; fileEncoding = 4; lastKnownFileType = sourcecode.c.h; path = "UIView+Toast.h"; sourceTree = "<group>"; };
		784D22652464187B0065985A /* UIView+Toast.m */ = {isa = PBXFileReference; fileEncoding = 4; lastKnownFileType = sourcecode.c.objc; path = "UIView+Toast.m"; sourceTree = "<group>"; };
		784D22672464187B0065985A /* NSArray+Copy.h */ = {isa = PBXFileReference; fileEncoding = 4; lastKnownFileType = sourcecode.c.h; path = "NSArray+Copy.h"; sourceTree = "<group>"; };
		784D22682464187B0065985A /* NSArray+Copy.m */ = {isa = PBXFileReference; fileEncoding = 4; lastKnownFileType = sourcecode.c.objc; path = "NSArray+Copy.m"; sourceTree = "<group>"; };
		784D226A2464187B0065985A /* AlertViewUtil.h */ = {isa = PBXFileReference; fileEncoding = 4; lastKnownFileType = sourcecode.c.h; path = AlertViewUtil.h; sourceTree = "<group>"; };
		784D226B2464187B0065985A /* AlertViewUtil.m */ = {isa = PBXFileReference; fileEncoding = 4; lastKnownFileType = sourcecode.c.objc; path = AlertViewUtil.m; sourceTree = "<group>"; };
		784D226D2464187B0065985A /* UIView+Constraint.m */ = {isa = PBXFileReference; fileEncoding = 4; lastKnownFileType = sourcecode.c.objc; path = "UIView+Constraint.m"; sourceTree = "<group>"; };
		784D226E2464187B0065985A /* UIView+Constraint.h */ = {isa = PBXFileReference; fileEncoding = 4; lastKnownFileType = sourcecode.c.h; path = "UIView+Constraint.h"; sourceTree = "<group>"; };
		784D22702464187B0065985A /* UIView+EEBadge.h */ = {isa = PBXFileReference; fileEncoding = 4; lastKnownFileType = sourcecode.c.h; path = "UIView+EEBadge.h"; sourceTree = "<group>"; };
		784D22712464187B0065985A /* UIView+EEBadge.m */ = {isa = PBXFileReference; fileEncoding = 4; lastKnownFileType = sourcecode.c.objc; path = "UIView+EEBadge.m"; sourceTree = "<group>"; };
		784D227B246419780065985A /* AgoraRoom.framework */ = {isa = PBXFileReference; explicitFileType = wrapper.framework; path = AgoraRoom.framework; sourceTree = BUILT_PRODUCTS_DIR; };
		784D227F246419890065985A /* WhiteModule.framework */ = {isa = PBXFileReference; explicitFileType = wrapper.framework; path = WhiteModule.framework; sourceTree = BUILT_PRODUCTS_DIR; };
		784D228324641A6C0065985A /* VideoConference.pch */ = {isa = PBXFileReference; lastKnownFileType = sourcecode.c.h; path = VideoConference.pch; sourceTree = "<group>"; };
		784D2285246424D10065985A /* EEPageControlView.h */ = {isa = PBXFileReference; fileEncoding = 4; lastKnownFileType = sourcecode.c.h; path = EEPageControlView.h; sourceTree = "<group>"; };
		784D2286246424D20065985A /* EEPageControlView.xib */ = {isa = PBXFileReference; fileEncoding = 4; lastKnownFileType = file.xib; path = EEPageControlView.xib; sourceTree = "<group>"; };
		784D2287246424D20065985A /* EEPageControlView.m */ = {isa = PBXFileReference; fileEncoding = 4; lastKnownFileType = sourcecode.c.objc; path = EEPageControlView.m; sourceTree = "<group>"; };
		784D2289246424D20065985A /* EEColorShowView.h */ = {isa = PBXFileReference; fileEncoding = 4; lastKnownFileType = sourcecode.c.h; path = EEColorShowView.h; sourceTree = "<group>"; };
		784D228A246424D20065985A /* EEColorShowView.xib */ = {isa = PBXFileReference; fileEncoding = 4; lastKnownFileType = file.xib; path = EEColorShowView.xib; sourceTree = "<group>"; };
		784D228B246424D20065985A /* EEColorViewCell.m */ = {isa = PBXFileReference; fileEncoding = 4; lastKnownFileType = sourcecode.c.objc; path = EEColorViewCell.m; sourceTree = "<group>"; };
		784D228C246424D20065985A /* EEColorViewCell.h */ = {isa = PBXFileReference; fileEncoding = 4; lastKnownFileType = sourcecode.c.h; path = EEColorViewCell.h; sourceTree = "<group>"; };
		784D228D246424D20065985A /* EEColorShowView.m */ = {isa = PBXFileReference; fileEncoding = 4; lastKnownFileType = sourcecode.c.objc; path = EEColorShowView.m; sourceTree = "<group>"; };
		784D228F246424D20065985A /* EEWhiteboardTool.m */ = {isa = PBXFileReference; fileEncoding = 4; lastKnownFileType = sourcecode.c.objc; path = EEWhiteboardTool.m; sourceTree = "<group>"; };
		784D2290246424D20065985A /* EEWhiteboardTool.h */ = {isa = PBXFileReference; fileEncoding = 4; lastKnownFileType = sourcecode.c.h; path = EEWhiteboardTool.h; sourceTree = "<group>"; };
		784D2291246424D20065985A /* EEWhiteboardTool.xib */ = {isa = PBXFileReference; fileEncoding = 4; lastKnownFileType = file.xib; path = EEWhiteboardTool.xib; sourceTree = "<group>"; };
		784D229A2464262B0065985A /* BottomBar.h */ = {isa = PBXFileReference; lastKnownFileType = sourcecode.c.h; path = BottomBar.h; sourceTree = "<group>"; };
		784D229B2464262B0065985A /* BottomBar.m */ = {isa = PBXFileReference; lastKnownFileType = sourcecode.c.objc; path = BottomBar.m; sourceTree = "<group>"; };
		784D229D2464265A0065985A /* BottomBar.xib */ = {isa = PBXFileReference; lastKnownFileType = file.xib; path = BottomBar.xib; sourceTree = "<group>"; };
		784D22B524655BFA0065985A /* BottomItem.h */ = {isa = PBXFileReference; lastKnownFileType = sourcecode.c.h; path = BottomItem.h; sourceTree = "<group>"; };
		784D22B624655BFA0065985A /* BottomItem.m */ = {isa = PBXFileReference; lastKnownFileType = sourcecode.c.objc; path = BottomItem.m; sourceTree = "<group>"; };
		784D22B824655C040065985A /* BottomItem.xib */ = {isa = PBXFileReference; lastKnownFileType = file.xib; path = BottomItem.xib; sourceTree = "<group>"; };
		78784904246BA6CE00455FA2 /* MemberVC.m */ = {isa = PBXFileReference; fileEncoding = 4; lastKnownFileType = sourcecode.c.objc; path = MemberVC.m; sourceTree = "<group>"; };
		78784905246BA6CE00455FA2 /* MemberVC.xib */ = {isa = PBXFileReference; fileEncoding = 4; lastKnownFileType = file.xib; path = MemberVC.xib; sourceTree = "<group>"; };
		78784906246BA6CE00455FA2 /* MemberVC.h */ = {isa = PBXFileReference; fileEncoding = 4; lastKnownFileType = sourcecode.c.h; path = MemberVC.h; sourceTree = "<group>"; };
		78784908246BA6CE00455FA2 /* MessageVC.h */ = {isa = PBXFileReference; fileEncoding = 4; lastKnownFileType = sourcecode.c.h; path = MessageVC.h; sourceTree = "<group>"; };
		78784909246BA6CE00455FA2 /* MessageVC.xib */ = {isa = PBXFileReference; fileEncoding = 4; lastKnownFileType = file.xib; path = MessageVC.xib; sourceTree = "<group>"; };
		7878490A246BA6CE00455FA2 /* MessageVC.m */ = {isa = PBXFileReference; fileEncoding = 4; lastKnownFileType = sourcecode.c.objc; path = MessageVC.m; sourceTree = "<group>"; };
		7878490F246BBC3900455FA2 /* UserCell.h */ = {isa = PBXFileReference; lastKnownFileType = sourcecode.c.h; path = UserCell.h; sourceTree = "<group>"; };
		78784910246BBC3900455FA2 /* UserCell.m */ = {isa = PBXFileReference; lastKnownFileType = sourcecode.c.objc; path = UserCell.m; sourceTree = "<group>"; };
		78784911246BBC3900455FA2 /* UserCell.xib */ = {isa = PBXFileReference; lastKnownFileType = file.xib; path = UserCell.xib; sourceTree = "<group>"; };
		78784914246BD75100455FA2 /* MessageCell.h */ = {isa = PBXFileReference; lastKnownFileType = sourcecode.c.h; path = MessageCell.h; sourceTree = "<group>"; };
		78784915246BD75100455FA2 /* MessageCell.m */ = {isa = PBXFileReference; lastKnownFileType = sourcecode.c.objc; path = MessageCell.m; sourceTree = "<group>"; };
		78784916246BD75100455FA2 /* MessageCell.xib */ = {isa = PBXFileReference; lastKnownFileType = file.xib; path = MessageCell.xib; sourceTree = "<group>"; };
		78784919246BD86900455FA2 /* MessageSelfCell.h */ = {isa = PBXFileReference; lastKnownFileType = sourcecode.c.h; path = MessageSelfCell.h; sourceTree = "<group>"; };
		7878491A246BD86900455FA2 /* MessageSelfCell.m */ = {isa = PBXFileReference; lastKnownFileType = sourcecode.c.objc; path = MessageSelfCell.m; sourceTree = "<group>"; };
		7878491B246BD86900455FA2 /* MessageSelfCell.xib */ = {isa = PBXFileReference; lastKnownFileType = file.xib; path = MessageSelfCell.xib; sourceTree = "<group>"; };
		78784935246D321700455FA2 /* ShareLinkView.h */ = {isa = PBXFileReference; lastKnownFileType = sourcecode.c.h; path = ShareLinkView.h; sourceTree = "<group>"; };
		78784936246D321700455FA2 /* ShareLinkView.m */ = {isa = PBXFileReference; lastKnownFileType = sourcecode.c.objc; path = ShareLinkView.m; sourceTree = "<group>"; };
		78784938246D322200455FA2 /* ShareLinkView.xib */ = {isa = PBXFileReference; lastKnownFileType = file.xib; path = ShareLinkView.xib; sourceTree = "<group>"; };
		7878493B246D770100455FA2 /* UIImage+Circle.h */ = {isa = PBXFileReference; lastKnownFileType = sourcecode.c.h; path = "UIImage+Circle.h"; sourceTree = "<group>"; };
		7878493C246D770100455FA2 /* UIImage+Circle.m */ = {isa = PBXFileReference; lastKnownFileType = sourcecode.c.objc; path = "UIImage+Circle.m"; sourceTree = "<group>"; };
		78C08C9C2476AD2100728DCB /* AgoraFlowLayout.h */ = {isa = PBXFileReference; lastKnownFileType = sourcecode.c.h; path = AgoraFlowLayout.h; sourceTree = "<group>"; };
		78C08C9D2476AD2100728DCB /* AgoraFlowLayout.m */ = {isa = PBXFileReference; lastKnownFileType = sourcecode.c.objc; path = AgoraFlowLayout.m; sourceTree = "<group>"; };
		78C08CFF247BEB3700728DCB /* ScaleView.h */ = {isa = PBXFileReference; lastKnownFileType = sourcecode.c.h; path = ScaleView.h; sourceTree = "<group>"; };
		78C08D00247BEB3700728DCB /* ScaleView.m */ = {isa = PBXFileReference; lastKnownFileType = sourcecode.c.objc; path = ScaleView.m; sourceTree = "<group>"; };
		78ED7E19247BFC5600F93385 /* UIViewAdditions.h */ = {isa = PBXFileReference; fileEncoding = 4; lastKnownFileType = sourcecode.c.h; path = UIViewAdditions.h; sourceTree = "<group>"; };
		78ED7E1A247BFC5600F93385 /* UIViewAdditions.m */ = {isa = PBXFileReference; fileEncoding = 4; lastKnownFileType = sourcecode.c.objc; path = UIViewAdditions.m; sourceTree = "<group>"; };
		78F690F6246E71EA000A0E71 /* ScoreAlertVC.xib */ = {isa = PBXFileReference; fileEncoding = 4; lastKnownFileType = file.xib; path = ScoreAlertVC.xib; sourceTree = "<group>"; };
		78F690F7246E71EA000A0E71 /* ScoreAlertVC.m */ = {isa = PBXFileReference; fileEncoding = 4; lastKnownFileType = sourcecode.c.objc; path = ScoreAlertVC.m; sourceTree = "<group>"; };
		78F690F8246E71EA000A0E71 /* ScoreAlertVC.h */ = {isa = PBXFileReference; fileEncoding = 4; lastKnownFileType = sourcecode.c.h; path = ScoreAlertVC.h; sourceTree = "<group>"; };
		78F690FA246E71EA000A0E71 /* AllMuteAlertVC.xib */ = {isa = PBXFileReference; fileEncoding = 4; lastKnownFileType = file.xib; path = AllMuteAlertVC.xib; sourceTree = "<group>"; };
		78F690FB246E71EA000A0E71 /* AllMuteAlertVC.m */ = {isa = PBXFileReference; fileEncoding = 4; lastKnownFileType = sourcecode.c.objc; path = AllMuteAlertVC.m; sourceTree = "<group>"; };
		78F690FC246E71EA000A0E71 /* AllMuteAlertVC.h */ = {isa = PBXFileReference; fileEncoding = 4; lastKnownFileType = sourcecode.c.h; path = AllMuteAlertVC.h; sourceTree = "<group>"; };
		78F69102246E71FC000A0E71 /* LoginVC.m */ = {isa = PBXFileReference; fileEncoding = 4; lastKnownFileType = sourcecode.c.objc; path = LoginVC.m; sourceTree = "<group>"; };
		78F69103246E71FC000A0E71 /* LoginVC.h */ = {isa = PBXFileReference; fileEncoding = 4; lastKnownFileType = sourcecode.c.h; path = LoginVC.h; sourceTree = "<group>"; };
		78F69105246E71FC000A0E71 /* MeetingVC.m */ = {isa = PBXFileReference; fileEncoding = 4; lastKnownFileType = sourcecode.c.objc; path = MeetingVC.m; sourceTree = "<group>"; };
		78F69106246E71FC000A0E71 /* MeetingVC.h */ = {isa = PBXFileReference; fileEncoding = 4; lastKnownFileType = sourcecode.c.h; path = MeetingVC.h; sourceTree = "<group>"; };
		78F69107246E71FC000A0E71 /* MeetingVC.xib */ = {isa = PBXFileReference; fileEncoding = 4; lastKnownFileType = file.xib; path = MeetingVC.xib; sourceTree = "<group>"; };
		78F6910C246E7212000A0E71 /* VCManager.h */ = {isa = PBXFileReference; fileEncoding = 4; lastKnownFileType = sourcecode.c.h; path = VCManager.h; sourceTree = "<group>"; };
		78F6910D246E7212000A0E71 /* UserDefaults.m */ = {isa = PBXFileReference; fileEncoding = 4; lastKnownFileType = sourcecode.c.objc; path = UserDefaults.m; sourceTree = "<group>"; };
		78F6910E246E7212000A0E71 /* AgoraRoomManager.m */ = {isa = PBXFileReference; fileEncoding = 4; lastKnownFileType = sourcecode.c.objc; path = AgoraRoomManager.m; sourceTree = "<group>"; };
		78F6910F246E7212000A0E71 /* AgoraRoomManager.h */ = {isa = PBXFileReference; fileEncoding = 4; lastKnownFileType = sourcecode.c.h; path = AgoraRoomManager.h; sourceTree = "<group>"; };
		78F69110246E7212000A0E71 /* UserDefaults.h */ = {isa = PBXFileReference; fileEncoding = 4; lastKnownFileType = sourcecode.c.h; path = UserDefaults.h; sourceTree = "<group>"; };
		78F69111246E7212000A0E71 /* VCManager.m */ = {isa = PBXFileReference; fileEncoding = 4; lastKnownFileType = sourcecode.c.objc; path = VCManager.m; sourceTree = "<group>"; };
		78F69120246E874F000A0E71 /* PIPVideoCell.h */ = {isa = PBXFileReference; lastKnownFileType = sourcecode.c.h; path = PIPVideoCell.h; sourceTree = "<group>"; };
		78F69121246E874F000A0E71 /* PIPVideoCell.m */ = {isa = PBXFileReference; lastKnownFileType = sourcecode.c.objc; path = PIPVideoCell.m; sourceTree = "<group>"; };
		78F69122246E874F000A0E71 /* PIPVideoCell.xib */ = {isa = PBXFileReference; lastKnownFileType = file.xib; path = PIPVideoCell.xib; sourceTree = "<group>"; };
		78F69125246E886F000A0E71 /* VideoCell.h */ = {isa = PBXFileReference; lastKnownFileType = sourcecode.c.h; path = VideoCell.h; sourceTree = "<group>"; };
		78F69126246E886F000A0E71 /* VideoCell.m */ = {isa = PBXFileReference; lastKnownFileType = sourcecode.c.objc; path = VideoCell.m; sourceTree = "<group>"; };
		78F69127246E886F000A0E71 /* VideoCell.xib */ = {isa = PBXFileReference; lastKnownFileType = file.xib; path = VideoCell.xib; sourceTree = "<group>"; };
		78F6912B246EC17E000A0E71 /* PaddingLabel.h */ = {isa = PBXFileReference; lastKnownFileType = sourcecode.c.h; path = PaddingLabel.h; sourceTree = "<group>"; };
		78F6912C246EC17E000A0E71 /* PaddingLabel.m */ = {isa = PBXFileReference; lastKnownFileType = sourcecode.c.objc; path = PaddingLabel.m; sourceTree = "<group>"; };
		78F6912E247239F6000A0E71 /* WhiteVC.h */ = {isa = PBXFileReference; lastKnownFileType = sourcecode.c.h; path = WhiteVC.h; sourceTree = "<group>"; };
		78F6912F247239F6000A0E71 /* WhiteVC.m */ = {isa = PBXFileReference; lastKnownFileType = sourcecode.c.objc; path = WhiteVC.m; sourceTree = "<group>"; };
		78F69130247239F6000A0E71 /* WhiteVC.xib */ = {isa = PBXFileReference; lastKnownFileType = file.xib; path = WhiteVC.xib; sourceTree = "<group>"; };
		78F6916924738072000A0E71 /* KeyCenter.h */ = {isa = PBXFileReference; fileEncoding = 4; lastKnownFileType = sourcecode.c.h; path = KeyCenter.h; sourceTree = "<group>"; };
		78F6916A24738072000A0E71 /* KeyCenter.m */ = {isa = PBXFileReference; fileEncoding = 4; lastKnownFileType = sourcecode.c.objc; path = KeyCenter.m; sourceTree = "<group>"; };
		A3AA1CDDED4E961CF4E62543 /* Pods-VideoConference.devrelease.xcconfig */ = {isa = PBXFileReference; includeInIndex = 1; lastKnownFileType = text.xcconfig; name = "Pods-VideoConference.devrelease.xcconfig"; path = "Target Support Files/Pods-VideoConference/Pods-VideoConference.devrelease.xcconfig"; sourceTree = "<group>"; };
		B04D7D656E6E637C1102C29D /* Pods-VideoConference.debug copy.xcconfig */ = {isa = PBXFileReference; includeInIndex = 1; lastKnownFileType = text.xcconfig; name = "Pods-VideoConference.debug copy.xcconfig"; path = "Target Support Files/Pods-VideoConference/Pods-VideoConference.debug copy.xcconfig"; sourceTree = "<group>"; };
		E518D6B1D22836E711436D1A /* Pods-VideoConference.debug.xcconfig */ = {isa = PBXFileReference; includeInIndex = 1; lastKnownFileType = text.xcconfig; name = "Pods-VideoConference.debug.xcconfig"; path = "Target Support Files/Pods-VideoConference/Pods-VideoConference.debug.xcconfig"; sourceTree = "<group>"; };
		EE07238783FA1EC3CA49D426 /* Pods-VideoConference.qarelease.xcconfig */ = {isa = PBXFileReference; includeInIndex = 1; lastKnownFileType = text.xcconfig; name = "Pods-VideoConference.qarelease.xcconfig"; path = "Target Support Files/Pods-VideoConference/Pods-VideoConference.qarelease.xcconfig"; sourceTree = "<group>"; };
		FEC05613756A2D985355EFEC /* Pods-VideoConference.release.xcconfig */ = {isa = PBXFileReference; includeInIndex = 1; lastKnownFileType = text.xcconfig; name = "Pods-VideoConference.release.xcconfig"; path = "Target Support Files/Pods-VideoConference/Pods-VideoConference.release.xcconfig"; sourceTree = "<group>"; };
/* End PBXFileReference section */

/* Begin PBXFrameworksBuildPhase section */
		784D20962463EB810065985A /* Frameworks */ = {
			isa = PBXFrameworksBuildPhase;
			buildActionMask = 2147483647;
			files = (
				784D2280246419890065985A /* WhiteModule.framework in Frameworks */,
				784D227C246419780065985A /* AgoraRoom.framework in Frameworks */,
				8B98F1A923481A0A48DEA700 /* Pods_VideoConference.framework in Frameworks */,
			);
			runOnlyForDeploymentPostprocessing = 0;
		};
/* End PBXFrameworksBuildPhase section */

/* Begin PBXGroup section */
		7803561A2465889D001F9624 /* Navigation */ = {
			isa = PBXGroup;
			children = (
				7803561B246588D9001F9624 /* CommonNavigation.h */,
				7803561C246588D9001F9624 /* CommonNavigation.m */,
				7803561E246588E4001F9624 /* CommonNavigation.xib */,
				780356202465890B001F9624 /* MeetingNavigation.h */,
				780356212465890B001F9624 /* MeetingNavigation.m */,
				7803562324658995001F9624 /* MeetingNavigation.xib */,
			);
			path = Navigation;
			sourceTree = "<group>";
		};
		7808B2832468449700B320EB /* Set */ = {
			isa = PBXGroup;
			children = (
				7808B2862468449700B320EB /* Widget */,
				7808B2852468449700B320EB /* SetVC.h */,
				7808B2962468449700B320EB /* SetVC.m */,
				7808B2842468449700B320EB /* SetVC.xib */,
			);
			path = Set;
			sourceTree = "<group>";
		};
		7808B2862468449700B320EB /* Widget */ = {
			isa = PBXGroup;
			children = (
				7808B2952468449700B320EB /* SetSwitchCell.h */,
				7808B28D2468449700B320EB /* SetSwitchCell.m */,
				7808B2892468449700B320EB /* SetSwitchCell.xib */,
				7808B2942468449700B320EB /* SetLabelCell.h */,
				7808B28A2468449700B320EB /* SetLabelCell.m */,
				7808B28C2468449700B320EB /* SetLabelCell.xib */,
				7808B28B2468449700B320EB /* SetCenterTextCell.h */,
				7808B2922468449700B320EB /* SetCenterTextCell.m */,
				7808B28F2468449700B320EB /* SetCenterTextCell.xib */,
				7808B2902468449700B320EB /* SetImageCell.h */,
				7808B2882468449700B320EB /* SetImageCell.m */,
				7808B2912468449700B320EB /* SetImageCell.xib */,
				7808B28E2468449700B320EB /* SetTextFieldCell.h */,
				7808B2872468449700B320EB /* SetTextFieldCell.m */,
				7808B2932468449700B320EB /* SetTextFieldCell.xib */,
				784936E52469351600DE15AB /* SetArrowCell.h */,
				784936E62469351600DE15AB /* SetArrowCell.m */,
				784936E72469351600DE15AB /* SetArrowCell.xib */,
			);
			path = Widget;
			sourceTree = "<group>";
		};
		784D20902463EB810065985A = {
			isa = PBXGroup;
			children = (
				784D209B2463EB810065985A /* VideoConference */,
				784D209A2463EB810065985A /* Products */,
				A8B48E9A84BD08BF65361EA2 /* Pods */,
				A3EAD3282BE9A6A2366A3EA1 /* Frameworks */,
			);
			sourceTree = "<group>";
		};
		784D209A2463EB810065985A /* Products */ = {
			isa = PBXGroup;
			children = (
				784D20992463EB810065985A /* Agora Meeting.app */,
			);
			name = Products;
			sourceTree = "<group>";
		};
		784D209B2463EB810065985A /* VideoConference */ = {
			isa = PBXGroup;
			children = (
				78F6910B246E7212000A0E71 /* Manager */,
				78F69101246E71FC000A0E71 /* Login */,
				78F69104246E71FC000A0E71 /* Meeting */,
				78784903246BA6CE00455FA2 /* Member */,
				78784907246BA6CE00455FA2 /* Message */,
				7808B2832468449700B320EB /* Set */,
				784D225F2464187B0065985A /* Utils */,
				784D22452464159D0065985A /* Appdelegate */,
				784D2244246415780065985A /* Widget */,
				784D20B52463EC090065985A /* BaseViewController.h */,
				784D20B62463EC090065985A /* BaseViewController.m */,
				78F6916924738072000A0E71 /* KeyCenter.h */,
				78F6916A24738072000A0E71 /* KeyCenter.m */,
				784D20A52463EB810065985A /* Main.storyboard */,
				784D20A82463EB820065985A /* Assets.xcassets */,
				784D20AA2463EB820065985A /* LaunchScreen.storyboard */,
				784D20AD2463EB820065985A /* Info.plist */,
				784D20AE2463EB820065985A /* main.m */,
				780356132465706D001F9624 /* Localizable.strings */,
				784D228324641A6C0065985A /* VideoConference.pch */,
			);
			path = VideoConference;
			sourceTree = "<group>";
		};
		784D2244246415780065985A /* Widget */ = {
			isa = PBXGroup;
			children = (
				78F690F9246E71EA000A0E71 /* AllMuteAlert */,
				78F690F5246E71EA000A0E71 /* ScoreAlert */,
				78784934246D320200455FA2 /* ShareLink */,
				7803561A2465889D001F9624 /* Navigation */,
				784D22992464260E0065985A /* BottomBar */,
				784D2288246424D20065985A /* WhiteColor */,
				784D228E246424D20065985A /* WhiteMenu */,
				784D2284246424D10065985A /* WhitePage */,
			);
			path = Widget;
			sourceTree = "<group>";
		};
		784D22452464159D0065985A /* Appdelegate */ = {
			isa = PBXGroup;
			children = (
				784D22462464159D0065985A /* AppDelegate.h */,
				784D22482464159D0065985A /* AppDelegate.m */,
			);
			path = Appdelegate;
			sourceTree = "<group>";
		};
		784D225F2464187B0065985A /* Utils */ = {
			isa = PBXGroup;
			children = (
				78F6912A246EC16F000A0E71 /* PaddingLabel */,
				7878493A246D76EE00455FA2 /* UIImage+Circle */,
				784D22602464187B0065985A /* Color */,
				784D22632464187B0065985A /* Toast */,
				784D22662464187B0065985A /* NSArray+Copy */,
				784D22692464187B0065985A /* AlertView */,
				784D226C2464187B0065985A /* Constraint */,
				784D226F2464187B0065985A /* Badge */,
			);
			path = Utils;
			sourceTree = "<group>";
		};
		784D22602464187B0065985A /* Color */ = {
			isa = PBXGroup;
			children = (
				784D22612464187B0065985A /* UIColor+Addition.h */,
				784D22622464187B0065985A /* UIColor+Addition.m */,
			);
			path = Color;
			sourceTree = "<group>";
		};
		784D22632464187B0065985A /* Toast */ = {
			isa = PBXGroup;
			children = (
				784D22642464187B0065985A /* UIView+Toast.h */,
				784D22652464187B0065985A /* UIView+Toast.m */,
			);
			path = Toast;
			sourceTree = "<group>";
		};
		784D22662464187B0065985A /* NSArray+Copy */ = {
			isa = PBXGroup;
			children = (
				784D22672464187B0065985A /* NSArray+Copy.h */,
				784D22682464187B0065985A /* NSArray+Copy.m */,
			);
			path = "NSArray+Copy";
			sourceTree = "<group>";
		};
		784D22692464187B0065985A /* AlertView */ = {
			isa = PBXGroup;
			children = (
				784D226A2464187B0065985A /* AlertViewUtil.h */,
				784D226B2464187B0065985A /* AlertViewUtil.m */,
			);
			path = AlertView;
			sourceTree = "<group>";
		};
		784D226C2464187B0065985A /* Constraint */ = {
			isa = PBXGroup;
			children = (
				784D226E2464187B0065985A /* UIView+Constraint.h */,
				784D226D2464187B0065985A /* UIView+Constraint.m */,
			);
			path = Constraint;
			sourceTree = "<group>";
		};
		784D226F2464187B0065985A /* Badge */ = {
			isa = PBXGroup;
			children = (
				784D22702464187B0065985A /* UIView+EEBadge.h */,
				784D22712464187B0065985A /* UIView+EEBadge.m */,
			);
			path = Badge;
			sourceTree = "<group>";
		};
		784D2284246424D10065985A /* WhitePage */ = {
			isa = PBXGroup;
			children = (
				784D2285246424D10065985A /* EEPageControlView.h */,
				784D2287246424D20065985A /* EEPageControlView.m */,
				784D2286246424D20065985A /* EEPageControlView.xib */,
			);
			path = WhitePage;
			sourceTree = "<group>";
		};
		784D2288246424D20065985A /* WhiteColor */ = {
			isa = PBXGroup;
			children = (
				784D2289246424D20065985A /* EEColorShowView.h */,
				784D228D246424D20065985A /* EEColorShowView.m */,
				784D228A246424D20065985A /* EEColorShowView.xib */,
				784D228C246424D20065985A /* EEColorViewCell.h */,
				784D228B246424D20065985A /* EEColorViewCell.m */,
			);
			path = WhiteColor;
			sourceTree = "<group>";
		};
		784D228E246424D20065985A /* WhiteMenu */ = {
			isa = PBXGroup;
			children = (
				784D2290246424D20065985A /* EEWhiteboardTool.h */,
				784D228F246424D20065985A /* EEWhiteboardTool.m */,
				784D2291246424D20065985A /* EEWhiteboardTool.xib */,
			);
			path = WhiteMenu;
			sourceTree = "<group>";
		};
		784D22992464260E0065985A /* BottomBar */ = {
			isa = PBXGroup;
			children = (
				784D229A2464262B0065985A /* BottomBar.h */,
				784D229B2464262B0065985A /* BottomBar.m */,
				784D229D2464265A0065985A /* BottomBar.xib */,
				784D22B524655BFA0065985A /* BottomItem.h */,
				784D22B624655BFA0065985A /* BottomItem.m */,
				784D22B824655C040065985A /* BottomItem.xib */,
			);
			path = BottomBar;
			sourceTree = "<group>";
		};
		78784903246BA6CE00455FA2 /* Member */ = {
			isa = PBXGroup;
			children = (
				78784906246BA6CE00455FA2 /* MemberVC.h */,
				78784904246BA6CE00455FA2 /* MemberVC.m */,
				78784905246BA6CE00455FA2 /* MemberVC.xib */,
				7878490F246BBC3900455FA2 /* UserCell.h */,
				78784910246BBC3900455FA2 /* UserCell.m */,
				78784911246BBC3900455FA2 /* UserCell.xib */,
			);
			path = Member;
			sourceTree = "<group>";
		};
		78784907246BA6CE00455FA2 /* Message */ = {
			isa = PBXGroup;
			children = (
				78784908246BA6CE00455FA2 /* MessageVC.h */,
				7878490A246BA6CE00455FA2 /* MessageVC.m */,
				78784909246BA6CE00455FA2 /* MessageVC.xib */,
				78784914246BD75100455FA2 /* MessageCell.h */,
				78784915246BD75100455FA2 /* MessageCell.m */,
				78784916246BD75100455FA2 /* MessageCell.xib */,
				78784919246BD86900455FA2 /* MessageSelfCell.h */,
				7878491A246BD86900455FA2 /* MessageSelfCell.m */,
				7878491B246BD86900455FA2 /* MessageSelfCell.xib */,
			);
			path = Message;
			sourceTree = "<group>";
		};
		78784934246D320200455FA2 /* ShareLink */ = {
			isa = PBXGroup;
			children = (
				78784935246D321700455FA2 /* ShareLinkView.h */,
				78784936246D321700455FA2 /* ShareLinkView.m */,
				78784938246D322200455FA2 /* ShareLinkView.xib */,
			);
			path = ShareLink;
			sourceTree = "<group>";
		};
		7878493A246D76EE00455FA2 /* UIImage+Circle */ = {
			isa = PBXGroup;
			children = (
				7878493B246D770100455FA2 /* UIImage+Circle.h */,
				7878493C246D770100455FA2 /* UIImage+Circle.m */,
			);
			path = "UIImage+Circle";
			sourceTree = "<group>";
		};
		78F690F5246E71EA000A0E71 /* ScoreAlert */ = {
			isa = PBXGroup;
			children = (
				78F690F6246E71EA000A0E71 /* ScoreAlertVC.xib */,
				78F690F7246E71EA000A0E71 /* ScoreAlertVC.m */,
				78F690F8246E71EA000A0E71 /* ScoreAlertVC.h */,
			);
			path = ScoreAlert;
			sourceTree = "<group>";
		};
		78F690F9246E71EA000A0E71 /* AllMuteAlert */ = {
			isa = PBXGroup;
			children = (
				78F690FA246E71EA000A0E71 /* AllMuteAlertVC.xib */,
				78F690FB246E71EA000A0E71 /* AllMuteAlertVC.m */,
				78F690FC246E71EA000A0E71 /* AllMuteAlertVC.h */,
			);
			path = AllMuteAlert;
			sourceTree = "<group>";
		};
		78F69101246E71FC000A0E71 /* Login */ = {
			isa = PBXGroup;
			children = (
				78F69102246E71FC000A0E71 /* LoginVC.m */,
				78F69103246E71FC000A0E71 /* LoginVC.h */,
			);
			path = Login;
			sourceTree = "<group>";
		};
		78F69104246E71FC000A0E71 /* Meeting */ = {
			isa = PBXGroup;
			children = (
				78F69115246E7303000A0E71 /* Widge */,
				78F69106246E71FC000A0E71 /* MeetingVC.h */,
				78F69105246E71FC000A0E71 /* MeetingVC.m */,
				78F69107246E71FC000A0E71 /* MeetingVC.xib */,
				78C08C9C2476AD2100728DCB /* AgoraFlowLayout.h */,
				78C08C9D2476AD2100728DCB /* AgoraFlowLayout.m */,
				78F69120246E874F000A0E71 /* PIPVideoCell.h */,
				78F69121246E874F000A0E71 /* PIPVideoCell.m */,
				78F69122246E874F000A0E71 /* PIPVideoCell.xib */,
				78C08CFF247BEB3700728DCB /* ScaleView.h */,
				78C08D00247BEB3700728DCB /* ScaleView.m */,
				78ED7E19247BFC5600F93385 /* UIViewAdditions.h */,
				78ED7E1A247BFC5600F93385 /* UIViewAdditions.m */,
				78F69125246E886F000A0E71 /* VideoCell.h */,
				78F69126246E886F000A0E71 /* VideoCell.m */,
				78F69127246E886F000A0E71 /* VideoCell.xib */,
				78F6912E247239F6000A0E71 /* WhiteVC.h */,
				78F6912F247239F6000A0E71 /* WhiteVC.m */,
				78F69130247239F6000A0E71 /* WhiteVC.xib */,
			);
			path = Meeting;
			sourceTree = "<group>";
		};
		78F6910B246E7212000A0E71 /* Manager */ = {
			isa = PBXGroup;
			children = (
				78F69110246E7212000A0E71 /* UserDefaults.h */,
				78F6910D246E7212000A0E71 /* UserDefaults.m */,
				78F6910F246E7212000A0E71 /* AgoraRoomManager.h */,
				78F6910E246E7212000A0E71 /* AgoraRoomManager.m */,
				78F6910C246E7212000A0E71 /* VCManager.h */,
				78F69111246E7212000A0E71 /* VCManager.m */,
			);
			path = Manager;
			sourceTree = "<group>";
		};
		78F69115246E7303000A0E71 /* Widge */ = {
			isa = PBXGroup;
			children = (
			);
			path = Widge;
			sourceTree = "<group>";
		};
		78F6912A246EC16F000A0E71 /* PaddingLabel */ = {
			isa = PBXGroup;
			children = (
				78F6912B246EC17E000A0E71 /* PaddingLabel.h */,
				78F6912C246EC17E000A0E71 /* PaddingLabel.m */,
			);
			path = PaddingLabel;
			sourceTree = "<group>";
		};
		A3EAD3282BE9A6A2366A3EA1 /* Frameworks */ = {
			isa = PBXGroup;
			children = (
				784D227F246419890065985A /* WhiteModule.framework */,
				784D227B246419780065985A /* AgoraRoom.framework */,
				0BC5E4E14A0F3AD5CA151FEA /* Pods_VideoConference.framework */,
			);
			name = Frameworks;
			sourceTree = "<group>";
		};
		A8B48E9A84BD08BF65361EA2 /* Pods */ = {
			isa = PBXGroup;
			children = (
				E518D6B1D22836E711436D1A /* Pods-VideoConference.debug.xcconfig */,
				FEC05613756A2D985355EFEC /* Pods-VideoConference.release.xcconfig */,
				A3AA1CDDED4E961CF4E62543 /* Pods-VideoConference.devrelease.xcconfig */,
				EE07238783FA1EC3CA49D426 /* Pods-VideoConference.qarelease.xcconfig */,
				B04D7D656E6E637C1102C29D /* Pods-VideoConference.debug copy.xcconfig */,
			);
			path = Pods;
			sourceTree = "<group>";
		};
/* End PBXGroup section */

/* Begin PBXNativeTarget section */
		784D20982463EB810065985A /* VideoConference */ = {
			isa = PBXNativeTarget;
			buildConfigurationList = 784D20B22463EB820065985A /* Build configuration list for PBXNativeTarget "VideoConference" */;
			buildPhases = (
				1AA1246DAFFF959B4AE50917 /* [CP] Check Pods Manifest.lock */,
				784D20952463EB810065985A /* Sources */,
				784D20962463EB810065985A /* Frameworks */,
				784D20972463EB810065985A /* Resources */,
				54E3A4322E730D31BE3D2887 /* [CP] Embed Pods Frameworks */,
				784D227E246419780065985A /* Embed Frameworks */,
			);
			buildRules = (
			);
			dependencies = (
			);
			name = VideoConference;
			productName = VideoConference;
			productReference = 784D20992463EB810065985A /* Agora Meeting.app */;
			productType = "com.apple.product-type.application";
		};
/* End PBXNativeTarget section */

/* Begin PBXProject section */
		784D20912463EB810065985A /* Project object */ = {
			isa = PBXProject;
			attributes = {
				LastUpgradeCheck = 1120;
				ORGANIZATIONNAME = agora;
				TargetAttributes = {
					784D20982463EB810065985A = {
						CreatedOnToolsVersion = 11.2.1;
					};
				};
			};
			buildConfigurationList = 784D20942463EB810065985A /* Build configuration list for PBXProject "VideoConference" */;
			compatibilityVersion = "Xcode 9.3";
			developmentRegion = en;
			hasScannedForEncodings = 0;
			knownRegions = (
				en,
				Base,
				"zh-Hans",
			);
			mainGroup = 784D20902463EB810065985A;
			productRefGroup = 784D209A2463EB810065985A /* Products */;
			projectDirPath = "";
			projectRoot = "";
			targets = (
				784D20982463EB810065985A /* VideoConference */,
			);
		};
/* End PBXProject section */

/* Begin PBXResourcesBuildPhase section */
		784D20972463EB810065985A /* Resources */ = {
			isa = PBXResourcesBuildPhase;
			buildActionMask = 2147483647;
			files = (
				7878491D246BD86900455FA2 /* MessageSelfCell.xib in Resources */,
				7878490C246BA6CE00455FA2 /* MemberVC.xib in Resources */,
				78F69132247239F6000A0E71 /* WhiteVC.xib in Resources */,
				7808B29A2468449700B320EB /* SetSwitchCell.xib in Resources */,
				78784939246D322200455FA2 /* ShareLinkView.xib in Resources */,
				784D2298246424D20065985A /* EEWhiteboardTool.xib in Resources */,
				7808B29E2468449700B320EB /* SetCenterTextCell.xib in Resources */,
				780356112465706D001F9624 /* Localizable.strings in Resources */,
				784936E92469351600DE15AB /* SetArrowCell.xib in Resources */,
				7803562424658995001F9624 /* MeetingNavigation.xib in Resources */,
				7878490D246BA6CE00455FA2 /* MessageVC.xib in Resources */,
				78784913246BBC3900455FA2 /* UserCell.xib in Resources */,
				7808B29C2468449700B320EB /* SetLabelCell.xib in Resources */,
				784D20AC2463EB820065985A /* LaunchScreen.storyboard in Resources */,
				78F69124246E874F000A0E71 /* PIPVideoCell.xib in Resources */,
				78784918246BD75200455FA2 /* MessageCell.xib in Resources */,
				78F690FD246E71EA000A0E71 /* ScoreAlertVC.xib in Resources */,
				784D2292246424D20065985A /* EEPageControlView.xib in Resources */,
				78F6910A246E71FC000A0E71 /* MeetingVC.xib in Resources */,
				7808B2972468449700B320EB /* SetVC.xib in Resources */,
				784D22B924655C040065985A /* BottomItem.xib in Resources */,
				78F69129246E886F000A0E71 /* VideoCell.xib in Resources */,
				78F690FF246E71EA000A0E71 /* AllMuteAlertVC.xib in Resources */,
				784D20A92463EB820065985A /* Assets.xcassets in Resources */,
				7808B2A12468449700B320EB /* SetTextFieldCell.xib in Resources */,
				7803561F246588E4001F9624 /* CommonNavigation.xib in Resources */,
				784D2294246424D20065985A /* EEColorShowView.xib in Resources */,
				7808B29F2468449700B320EB /* SetImageCell.xib in Resources */,
				784D229E2464265A0065985A /* BottomBar.xib in Resources */,
				784D20A72463EB810065985A /* Main.storyboard in Resources */,
			);
			runOnlyForDeploymentPostprocessing = 0;
		};
/* End PBXResourcesBuildPhase section */

/* Begin PBXShellScriptBuildPhase section */
		1AA1246DAFFF959B4AE50917 /* [CP] Check Pods Manifest.lock */ = {
			isa = PBXShellScriptBuildPhase;
			buildActionMask = 2147483647;
			files = (
			);
			inputFileListPaths = (
			);
			inputPaths = (
				"${PODS_PODFILE_DIR_PATH}/Podfile.lock",
				"${PODS_ROOT}/Manifest.lock",
			);
			name = "[CP] Check Pods Manifest.lock";
			outputFileListPaths = (
			);
			outputPaths = (
				"$(DERIVED_FILE_DIR)/Pods-VideoConference-checkManifestLockResult.txt",
			);
			runOnlyForDeploymentPostprocessing = 0;
			shellPath = /bin/sh;
			shellScript = "diff \"${PODS_PODFILE_DIR_PATH}/Podfile.lock\" \"${PODS_ROOT}/Manifest.lock\" > /dev/null\nif [ $? != 0 ] ; then\n    # print error to STDERR\n    echo \"error: The sandbox is not in sync with the Podfile.lock. Run 'pod install' or update your CocoaPods installation.\" >&2\n    exit 1\nfi\n# This output is used by Xcode 'outputs' to avoid re-running this script phase.\necho \"SUCCESS\" > \"${SCRIPT_OUTPUT_FILE_0}\"\n";
			showEnvVarsInLog = 0;
		};
		54E3A4322E730D31BE3D2887 /* [CP] Embed Pods Frameworks */ = {
			isa = PBXShellScriptBuildPhase;
			buildActionMask = 2147483647;
			files = (
			);
			inputFileListPaths = (
				"${PODS_ROOT}/Target Support Files/Pods-VideoConference/Pods-VideoConference-frameworks-${CONFIGURATION}-input-files.xcfilelist",
			);
			name = "[CP] Embed Pods Frameworks";
			outputFileListPaths = (
				"${PODS_ROOT}/Target Support Files/Pods-VideoConference/Pods-VideoConference-frameworks-${CONFIGURATION}-output-files.xcfilelist",
			);
			runOnlyForDeploymentPostprocessing = 0;
			shellPath = /bin/sh;
			shellScript = "\"${PODS_ROOT}/Target Support Files/Pods-VideoConference/Pods-VideoConference-frameworks.sh\"\n";
			showEnvVarsInLog = 0;
		};
/* End PBXShellScriptBuildPhase section */

/* Begin PBXSourcesBuildPhase section */
		784D20952463EB810065985A /* Sources */ = {
			isa = PBXSourcesBuildPhase;
			buildActionMask = 2147483647;
			files = (
				78F69100246E71EA000A0E71 /* AllMuteAlertVC.m in Sources */,
				78F6912D246EC17E000A0E71 /* PaddingLabel.m in Sources */,
				78F69128246E886F000A0E71 /* VideoCell.m in Sources */,
				784D22772464187B0065985A /* UIView+EEBadge.m in Sources */,
				78F69108246E71FC000A0E71 /* LoginVC.m in Sources */,
				7808B29B2468449700B320EB /* SetLabelCell.m in Sources */,
				7808B2A22468449700B320EB /* SetVC.m in Sources */,
				7808B2992468449700B320EB /* SetImageCell.m in Sources */,
				78F69114246E7212000A0E71 /* VCManager.m in Sources */,
				78F690FE246E71EA000A0E71 /* ScoreAlertVC.m in Sources */,
				7878490E246BA6CE00455FA2 /* MessageVC.m in Sources */,
				7808B29D2468449700B320EB /* SetSwitchCell.m in Sources */,
				78ED7E1B247BFC5600F93385 /* UIViewAdditions.m in Sources */,
				784936E82469351600DE15AB /* SetArrowCell.m in Sources */,
				784D22762464187B0065985A /* UIView+Constraint.m in Sources */,
				784D22B724655BFA0065985A /* BottomItem.m in Sources */,
				784D20B72463EC090065985A /* BaseViewController.m in Sources */,
				784D20AF2463EB820065985A /* main.m in Sources */,
				78F69113246E7212000A0E71 /* AgoraRoomManager.m in Sources */,
				78F69131247239F6000A0E71 /* WhiteVC.m in Sources */,
				78784917246BD75200455FA2 /* MessageCell.m in Sources */,
				784D22732464187B0065985A /* UIView+Toast.m in Sources */,
				7878493D246D770100455FA2 /* UIImage+Circle.m in Sources */,
				784D22752464187B0065985A /* AlertViewUtil.m in Sources */,
				784D22742464187B0065985A /* NSArray+Copy.m in Sources */,
				784D224B2464159D0065985A /* AppDelegate.m in Sources */,
				7808B2A02468449700B320EB /* SetCenterTextCell.m in Sources */,
				7878490B246BA6CE00455FA2 /* MemberVC.m in Sources */,
				784D2296246424D20065985A /* EEColorShowView.m in Sources */,
				78C08C9E2476AD2100728DCB /* AgoraFlowLayout.m in Sources */,
				78F69123246E874F000A0E71 /* PIPVideoCell.m in Sources */,
				7803561D246588D9001F9624 /* CommonNavigation.m in Sources */,
				7878491C246BD86900455FA2 /* MessageSelfCell.m in Sources */,
				784D229C2464262B0065985A /* BottomBar.m in Sources */,
				78F69109246E71FC000A0E71 /* MeetingVC.m in Sources */,
				784D2295246424D20065985A /* EEColorViewCell.m in Sources */,
				78F69112246E7212000A0E71 /* UserDefaults.m in Sources */,
				78784937246D321700455FA2 /* ShareLinkView.m in Sources */,
				7808B2982468449700B320EB /* SetTextFieldCell.m in Sources */,
				784D22722464187B0065985A /* UIColor+Addition.m in Sources */,
				780356222465890B001F9624 /* MeetingNavigation.m in Sources */,
				78C08D01247BEB3700728DCB /* ScaleView.m in Sources */,
				78F6916B24738072000A0E71 /* KeyCenter.m in Sources */,
				784D2297246424D20065985A /* EEWhiteboardTool.m in Sources */,
				78784912246BBC3900455FA2 /* UserCell.m in Sources */,
				784D2293246424D20065985A /* EEPageControlView.m in Sources */,
			);
			runOnlyForDeploymentPostprocessing = 0;
		};
/* End PBXSourcesBuildPhase section */

/* Begin PBXVariantGroup section */
		780356132465706D001F9624 /* Localizable.strings */ = {
			isa = PBXVariantGroup;
			children = (
				780356122465706D001F9624 /* en */,
				7803561424657070001F9624 /* zh-Hans */,
			);
			name = Localizable.strings;
			sourceTree = "<group>";
		};
		784D20A52463EB810065985A /* Main.storyboard */ = {
			isa = PBXVariantGroup;
			children = (
				784D20A62463EB810065985A /* Base */,
				7803560D2465700A001F9624 /* zh-Hans */,
			);
			name = Main.storyboard;
			sourceTree = "<group>";
		};
		784D20AA2463EB820065985A /* LaunchScreen.storyboard */ = {
			isa = PBXVariantGroup;
			children = (
				784D20AB2463EB820065985A /* Base */,
				7803560E2465700A001F9624 /* zh-Hans */,
			);
			name = LaunchScreen.storyboard;
			sourceTree = "<group>";
		};
/* End PBXVariantGroup section */

/* Begin XCBuildConfiguration section */
		784D20B02463EB820065985A /* Debug */ = {
			isa = XCBuildConfiguration;
			buildSettings = {
				ALWAYS_SEARCH_USER_PATHS = NO;
				CLANG_ANALYZER_LOCALIZABILITY_NONLOCALIZED = YES;
				CLANG_ANALYZER_NONNULL = YES;
				CLANG_ANALYZER_NUMBER_OBJECT_CONVERSION = YES_AGGRESSIVE;
				CLANG_CXX_LANGUAGE_STANDARD = "gnu++14";
				CLANG_CXX_LIBRARY = "libc++";
				CLANG_ENABLE_MODULES = YES;
				CLANG_ENABLE_OBJC_ARC = YES;
				CLANG_ENABLE_OBJC_WEAK = YES;
				CLANG_WARN_BLOCK_CAPTURE_AUTORELEASING = YES;
				CLANG_WARN_BOOL_CONVERSION = YES;
				CLANG_WARN_COMMA = YES;
				CLANG_WARN_CONSTANT_CONVERSION = YES;
				CLANG_WARN_DEPRECATED_OBJC_IMPLEMENTATIONS = YES;
				CLANG_WARN_DIRECT_OBJC_ISA_USAGE = YES_ERROR;
				CLANG_WARN_DOCUMENTATION_COMMENTS = YES;
				CLANG_WARN_EMPTY_BODY = YES;
				CLANG_WARN_ENUM_CONVERSION = YES;
				CLANG_WARN_INFINITE_RECURSION = YES;
				CLANG_WARN_INT_CONVERSION = YES;
				CLANG_WARN_NON_LITERAL_NULL_CONVERSION = YES;
				CLANG_WARN_OBJC_IMPLICIT_RETAIN_SELF = YES;
				CLANG_WARN_OBJC_LITERAL_CONVERSION = YES;
				CLANG_WARN_OBJC_ROOT_CLASS = YES_ERROR;
				CLANG_WARN_RANGE_LOOP_ANALYSIS = YES;
				CLANG_WARN_STRICT_PROTOTYPES = YES;
				CLANG_WARN_SUSPICIOUS_MOVE = YES;
				CLANG_WARN_UNGUARDED_AVAILABILITY = YES_AGGRESSIVE;
				CLANG_WARN_UNREACHABLE_CODE = YES;
				CLANG_WARN__DUPLICATE_METHOD_MATCH = YES;
				COPY_PHASE_STRIP = NO;
				DEBUG_INFORMATION_FORMAT = dwarf;
				ENABLE_STRICT_OBJC_MSGSEND = YES;
				ENABLE_TESTABILITY = YES;
				GCC_C_LANGUAGE_STANDARD = gnu11;
				GCC_DYNAMIC_NO_PIC = NO;
				GCC_NO_COMMON_BLOCKS = YES;
				GCC_OPTIMIZATION_LEVEL = 0;
				GCC_PREPROCESSOR_DEFINITIONS = (
					"DEBUG=1",
					"$(inherited)",
				);
				GCC_WARN_64_TO_32_BIT_CONVERSION = YES;
				GCC_WARN_ABOUT_RETURN_TYPE = YES_ERROR;
				GCC_WARN_UNDECLARED_SELECTOR = YES;
				GCC_WARN_UNINITIALIZED_AUTOS = YES_AGGRESSIVE;
				GCC_WARN_UNUSED_FUNCTION = YES;
				GCC_WARN_UNUSED_VARIABLE = YES;
				IPHONEOS_DEPLOYMENT_TARGET = 13.2;
				MTL_ENABLE_DEBUG_INFO = INCLUDE_SOURCE;
				MTL_FAST_MATH = YES;
				ONLY_ACTIVE_ARCH = YES;
				SDKROOT = iphoneos;
			};
			name = Debug;
		};
		784D20B12463EB820065985A /* Release */ = {
			isa = XCBuildConfiguration;
			buildSettings = {
				ALWAYS_SEARCH_USER_PATHS = NO;
				CLANG_ANALYZER_LOCALIZABILITY_NONLOCALIZED = YES;
				CLANG_ANALYZER_NONNULL = YES;
				CLANG_ANALYZER_NUMBER_OBJECT_CONVERSION = YES_AGGRESSIVE;
				CLANG_CXX_LANGUAGE_STANDARD = "gnu++14";
				CLANG_CXX_LIBRARY = "libc++";
				CLANG_ENABLE_MODULES = YES;
				CLANG_ENABLE_OBJC_ARC = YES;
				CLANG_ENABLE_OBJC_WEAK = YES;
				CLANG_WARN_BLOCK_CAPTURE_AUTORELEASING = YES;
				CLANG_WARN_BOOL_CONVERSION = YES;
				CLANG_WARN_COMMA = YES;
				CLANG_WARN_CONSTANT_CONVERSION = YES;
				CLANG_WARN_DEPRECATED_OBJC_IMPLEMENTATIONS = YES;
				CLANG_WARN_DIRECT_OBJC_ISA_USAGE = YES_ERROR;
				CLANG_WARN_DOCUMENTATION_COMMENTS = YES;
				CLANG_WARN_EMPTY_BODY = YES;
				CLANG_WARN_ENUM_CONVERSION = YES;
				CLANG_WARN_INFINITE_RECURSION = YES;
				CLANG_WARN_INT_CONVERSION = YES;
				CLANG_WARN_NON_LITERAL_NULL_CONVERSION = YES;
				CLANG_WARN_OBJC_IMPLICIT_RETAIN_SELF = YES;
				CLANG_WARN_OBJC_LITERAL_CONVERSION = YES;
				CLANG_WARN_OBJC_ROOT_CLASS = YES_ERROR;
				CLANG_WARN_RANGE_LOOP_ANALYSIS = YES;
				CLANG_WARN_STRICT_PROTOTYPES = YES;
				CLANG_WARN_SUSPICIOUS_MOVE = YES;
				CLANG_WARN_UNGUARDED_AVAILABILITY = YES_AGGRESSIVE;
				CLANG_WARN_UNREACHABLE_CODE = YES;
				CLANG_WARN__DUPLICATE_METHOD_MATCH = YES;
				COPY_PHASE_STRIP = NO;
				DEBUG_INFORMATION_FORMAT = "dwarf-with-dsym";
				ENABLE_NS_ASSERTIONS = NO;
				ENABLE_STRICT_OBJC_MSGSEND = YES;
				GCC_C_LANGUAGE_STANDARD = gnu11;
				GCC_NO_COMMON_BLOCKS = YES;
				GCC_WARN_64_TO_32_BIT_CONVERSION = YES;
				GCC_WARN_ABOUT_RETURN_TYPE = YES_ERROR;
				GCC_WARN_UNDECLARED_SELECTOR = YES;
				GCC_WARN_UNINITIALIZED_AUTOS = YES_AGGRESSIVE;
				GCC_WARN_UNUSED_FUNCTION = YES;
				GCC_WARN_UNUSED_VARIABLE = YES;
				IPHONEOS_DEPLOYMENT_TARGET = 13.2;
				MTL_ENABLE_DEBUG_INFO = NO;
				MTL_FAST_MATH = YES;
				SDKROOT = iphoneos;
				VALIDATE_PRODUCT = YES;
			};
			name = Release;
		};
		784D20B32463EB820065985A /* Debug */ = {
			isa = XCBuildConfiguration;
			baseConfigurationReference = E518D6B1D22836E711436D1A /* Pods-VideoConference.debug.xcconfig */;
			buildSettings = {
				ASSETCATALOG_COMPILER_APPICON_NAME = AppIcon;
				CODE_SIGN_IDENTITY = "iPhone Developer";
				CODE_SIGN_STYLE = Manual;
				CURRENT_PROJECT_VERSION = 14;
				DEVELOPMENT_TEAM = SW3CA7M752;
				GCC_PRECOMPILE_PREFIX_HEADER = YES;
				GCC_PREFIX_HEADER = "$(SRCROOT)/VideoConference/VideoConference.pch";
				INFOPLIST_FILE = VideoConference/Info.plist;
				IPHONEOS_DEPLOYMENT_TARGET = 10.0;
				LD_RUNPATH_SEARCH_PATHS = (
					"$(inherited)",
					"@executable_path/Frameworks",
				);
				MARKETING_VERSION = 1.0.1;
				PRODUCT_BUNDLE_IDENTIFIER = io.agora.VideoConferenceDev;
				PRODUCT_NAME = "Agora Meeting";
				PROVISIONING_PROFILE_SPECIFIER = AgoraAppsDevProfile;
				TARGETED_DEVICE_FAMILY = 1;
			};
			name = Debug;
		};
		784D20B42463EB820065985A /* Release */ = {
			isa = XCBuildConfiguration;
			baseConfigurationReference = FEC05613756A2D985355EFEC /* Pods-VideoConference.release.xcconfig */;
			buildSettings = {
				ASSETCATALOG_COMPILER_APPICON_NAME = AppIcon;
				CODE_SIGN_IDENTITY = "iPhone Distribution";
				CODE_SIGN_STYLE = Manual;
				CURRENT_PROJECT_VERSION = 14;
				DEVELOPMENT_TEAM = 48TB6ZZL5S;
				GCC_PRECOMPILE_PREFIX_HEADER = YES;
				GCC_PREFIX_HEADER = "$(SRCROOT)/VideoConference/VideoConference.pch";
				INFOPLIST_FILE = VideoConference/Info.plist;
				IPHONEOS_DEPLOYMENT_TARGET = 10.0;
				LD_RUNPATH_SEARCH_PATHS = (
					"$(inherited)",
					"@executable_path/Frameworks",
				);
				MARKETING_VERSION = 1.0.1;
				PRODUCT_BUNDLE_IDENTIFIER = io.agora.VideoConferenceDis;
				PRODUCT_NAME = "Agora Meeting";
				PROVISIONING_PROFILE_SPECIFIER = AgoraMeetingsDistribution;
				TARGETED_DEVICE_FAMILY = 1;
			};
			name = Release;
		};
		7887589C247E20C5008ACBA5 /* QARelease */ = {
			isa = XCBuildConfiguration;
			buildSettings = {
				ALWAYS_SEARCH_USER_PATHS = NO;
				CLANG_ANALYZER_LOCALIZABILITY_NONLOCALIZED = YES;
				CLANG_ANALYZER_NONNULL = YES;
				CLANG_ANALYZER_NUMBER_OBJECT_CONVERSION = YES_AGGRESSIVE;
				CLANG_CXX_LANGUAGE_STANDARD = "gnu++14";
				CLANG_CXX_LIBRARY = "libc++";
				CLANG_ENABLE_MODULES = YES;
				CLANG_ENABLE_OBJC_ARC = YES;
				CLANG_ENABLE_OBJC_WEAK = YES;
				CLANG_WARN_BLOCK_CAPTURE_AUTORELEASING = YES;
				CLANG_WARN_BOOL_CONVERSION = YES;
				CLANG_WARN_COMMA = YES;
				CLANG_WARN_CONSTANT_CONVERSION = YES;
				CLANG_WARN_DEPRECATED_OBJC_IMPLEMENTATIONS = YES;
				CLANG_WARN_DIRECT_OBJC_ISA_USAGE = YES_ERROR;
				CLANG_WARN_DOCUMENTATION_COMMENTS = YES;
				CLANG_WARN_EMPTY_BODY = YES;
				CLANG_WARN_ENUM_CONVERSION = YES;
				CLANG_WARN_INFINITE_RECURSION = YES;
				CLANG_WARN_INT_CONVERSION = YES;
				CLANG_WARN_NON_LITERAL_NULL_CONVERSION = YES;
				CLANG_WARN_OBJC_IMPLICIT_RETAIN_SELF = YES;
				CLANG_WARN_OBJC_LITERAL_CONVERSION = YES;
				CLANG_WARN_OBJC_ROOT_CLASS = YES_ERROR;
				CLANG_WARN_RANGE_LOOP_ANALYSIS = YES;
				CLANG_WARN_STRICT_PROTOTYPES = YES;
				CLANG_WARN_SUSPICIOUS_MOVE = YES;
				CLANG_WARN_UNGUARDED_AVAILABILITY = YES_AGGRESSIVE;
				CLANG_WARN_UNREACHABLE_CODE = YES;
				CLANG_WARN__DUPLICATE_METHOD_MATCH = YES;
				COPY_PHASE_STRIP = NO;
				DEBUG_INFORMATION_FORMAT = "dwarf-with-dsym";
				ENABLE_NS_ASSERTIONS = NO;
				ENABLE_STRICT_OBJC_MSGSEND = YES;
				GCC_C_LANGUAGE_STANDARD = gnu11;
				GCC_NO_COMMON_BLOCKS = YES;
				GCC_WARN_64_TO_32_BIT_CONVERSION = YES;
				GCC_WARN_ABOUT_RETURN_TYPE = YES_ERROR;
				GCC_WARN_UNDECLARED_SELECTOR = YES;
				GCC_WARN_UNINITIALIZED_AUTOS = YES_AGGRESSIVE;
				GCC_WARN_UNUSED_FUNCTION = YES;
				GCC_WARN_UNUSED_VARIABLE = YES;
				IPHONEOS_DEPLOYMENT_TARGET = 13.2;
				MTL_ENABLE_DEBUG_INFO = NO;
				MTL_FAST_MATH = YES;
				SDKROOT = iphoneos;
				VALIDATE_PRODUCT = YES;
			};
			name = QARelease;
		};
		7887589D247E20C5008ACBA5 /* QARelease */ = {
			isa = XCBuildConfiguration;
			baseConfigurationReference = EE07238783FA1EC3CA49D426 /* Pods-VideoConference.qarelease.xcconfig */;
			buildSettings = {
				ASSETCATALOG_COMPILER_APPICON_NAME = AppIcon;
				CODE_SIGN_IDENTITY = "iPhone Developer";
				CODE_SIGN_STYLE = Manual;
				CURRENT_PROJECT_VERSION = 14;
				DEVELOPMENT_TEAM = 7289G77ZF3;
				GCC_PRECOMPILE_PREFIX_HEADER = YES;
				GCC_PREFIX_HEADER = "$(SRCROOT)/VideoConference/VideoConference.pch";
				INFOPLIST_FILE = VideoConference/Info.plist;
				IPHONEOS_DEPLOYMENT_TARGET = 10.0;
				LD_RUNPATH_SEARCH_PATHS = (
					"$(inherited)",
					"@executable_path/Frameworks",
				);
				MARKETING_VERSION = 1.0.1;
				PRODUCT_BUNDLE_IDENTIFIER = io.agora.VideoConferenceQA;
				PRODUCT_NAME = "Agora Meeting";
				PROVISIONING_PROFILE_SPECIFIER = AgoraIOTest2019;
				TARGETED_DEVICE_FAMILY = 1;
			};
			name = QARelease;
		};
		7887589E247E20F0008ACBA5 /* DevRelease */ = {
			isa = XCBuildConfiguration;
			buildSettings = {
				ALWAYS_SEARCH_USER_PATHS = NO;
				CLANG_ANALYZER_LOCALIZABILITY_NONLOCALIZED = YES;
				CLANG_ANALYZER_NONNULL = YES;
				CLANG_ANALYZER_NUMBER_OBJECT_CONVERSION = YES_AGGRESSIVE;
				CLANG_CXX_LANGUAGE_STANDARD = "gnu++14";
				CLANG_CXX_LIBRARY = "libc++";
				CLANG_ENABLE_MODULES = YES;
				CLANG_ENABLE_OBJC_ARC = YES;
				CLANG_ENABLE_OBJC_WEAK = YES;
				CLANG_WARN_BLOCK_CAPTURE_AUTORELEASING = YES;
				CLANG_WARN_BOOL_CONVERSION = YES;
				CLANG_WARN_COMMA = YES;
				CLANG_WARN_CONSTANT_CONVERSION = YES;
				CLANG_WARN_DEPRECATED_OBJC_IMPLEMENTATIONS = YES;
				CLANG_WARN_DIRECT_OBJC_ISA_USAGE = YES_ERROR;
				CLANG_WARN_DOCUMENTATION_COMMENTS = YES;
				CLANG_WARN_EMPTY_BODY = YES;
				CLANG_WARN_ENUM_CONVERSION = YES;
				CLANG_WARN_INFINITE_RECURSION = YES;
				CLANG_WARN_INT_CONVERSION = YES;
				CLANG_WARN_NON_LITERAL_NULL_CONVERSION = YES;
				CLANG_WARN_OBJC_IMPLICIT_RETAIN_SELF = YES;
				CLANG_WARN_OBJC_LITERAL_CONVERSION = YES;
				CLANG_WARN_OBJC_ROOT_CLASS = YES_ERROR;
				CLANG_WARN_RANGE_LOOP_ANALYSIS = YES;
				CLANG_WARN_STRICT_PROTOTYPES = YES;
				CLANG_WARN_SUSPICIOUS_MOVE = YES;
				CLANG_WARN_UNGUARDED_AVAILABILITY = YES_AGGRESSIVE;
				CLANG_WARN_UNREACHABLE_CODE = YES;
				CLANG_WARN__DUPLICATE_METHOD_MATCH = YES;
				COPY_PHASE_STRIP = NO;
				DEBUG_INFORMATION_FORMAT = "dwarf-with-dsym";
				ENABLE_NS_ASSERTIONS = NO;
				ENABLE_STRICT_OBJC_MSGSEND = YES;
				GCC_C_LANGUAGE_STANDARD = gnu11;
				GCC_NO_COMMON_BLOCKS = YES;
				GCC_WARN_64_TO_32_BIT_CONVERSION = YES;
				GCC_WARN_ABOUT_RETURN_TYPE = YES_ERROR;
				GCC_WARN_UNDECLARED_SELECTOR = YES;
				GCC_WARN_UNINITIALIZED_AUTOS = YES_AGGRESSIVE;
				GCC_WARN_UNUSED_FUNCTION = YES;
				GCC_WARN_UNUSED_VARIABLE = YES;
				IPHONEOS_DEPLOYMENT_TARGET = 13.2;
				MTL_ENABLE_DEBUG_INFO = NO;
				MTL_FAST_MATH = YES;
				SDKROOT = iphoneos;
				VALIDATE_PRODUCT = YES;
			};
			name = DevRelease;
		};
		7887589F247E20F0008ACBA5 /* DevRelease */ = {
			isa = XCBuildConfiguration;
			baseConfigurationReference = A3AA1CDDED4E961CF4E62543 /* Pods-VideoConference.devrelease.xcconfig */;
			buildSettings = {
				ASSETCATALOG_COMPILER_APPICON_NAME = AppIcon;
				CODE_SIGN_IDENTITY = "iPhone Developer";
				CODE_SIGN_STYLE = Manual;
				CURRENT_PROJECT_VERSION = 14;
				DEVELOPMENT_TEAM = SW3CA7M752;
				GCC_PRECOMPILE_PREFIX_HEADER = YES;
				GCC_PREFIX_HEADER = "$(SRCROOT)/VideoConference/VideoConference.pch";
				INFOPLIST_FILE = VideoConference/Info.plist;
				IPHONEOS_DEPLOYMENT_TARGET = 10.0;
				LD_RUNPATH_SEARCH_PATHS = (
					"$(inherited)",
					"@executable_path/Frameworks",
				);
				MARKETING_VERSION = 1.0.1;
				PRODUCT_BUNDLE_IDENTIFIER = io.agora.VideoConferenceDev;
				PRODUCT_NAME = "Agora Meeting";
				PROVISIONING_PROFILE_SPECIFIER = AgoraAppsDevProfile;
				TARGETED_DEVICE_FAMILY = 1;
			};
			name = DevRelease;
		};
/* End XCBuildConfiguration section */

/* Begin XCConfigurationList section */
		784D20942463EB810065985A /* Build configuration list for PBXProject "VideoConference" */ = {
			isa = XCConfigurationList;
			buildConfigurations = (
				784D20B02463EB820065985A /* Debug */,
				784D20B12463EB820065985A /* Release */,
				7887589E247E20F0008ACBA5 /* DevRelease */,
				7887589C247E20C5008ACBA5 /* QARelease */,
			);
			defaultConfigurationIsVisible = 0;
			defaultConfigurationName = Release;
		};
		784D20B22463EB820065985A /* Build configuration list for PBXNativeTarget "VideoConference" */ = {
			isa = XCConfigurationList;
			buildConfigurations = (
				784D20B32463EB820065985A /* Debug */,
				784D20B42463EB820065985A /* Release */,
				7887589F247E20F0008ACBA5 /* DevRelease */,
				7887589D247E20C5008ACBA5 /* QARelease */,
			);
			defaultConfigurationIsVisible = 0;
			defaultConfigurationName = Release;
		};
/* End XCConfigurationList section */
	};
	rootObject = 784D20912463EB810065985A /* Project object */;
}
